
Microsoft Visual Studio Solution File, Format Version 12.00
# Visual Studio Version 17
VisualStudioVersion = 17.1.32210.238
MinimumVisualStudioVersion = 10.0.40219.1
Project("{FAE04EC0-301F-11D3-BF4B-00C04F79EFBC}") = "ZAD2_TUZ", "ZAD2_TUZ.csproj", "{66148B4E-8552-434F-B2A0-240DC47E423F}"
EndProject
Global
	GlobalSection(SolutionConfigurationPlatforms) = preSolution
		Debug|Any CPU = Debug|Any CPU
		Release|Any CPU = Release|Any CPU
	EndGlobalSection
	GlobalSection(ProjectConfigurationPlatforms) = postSolution
		{66148B4E-8552-434F-B2A0-240DC47E423F}.Debug|Any CPU.ActiveCfg = Debug|Any CPU
		{66148B4E-8552-434F-B2A0-240DC47E423F}.Debug|Any CPU.Build.0 = Debug|Any CPU
		{66148B4E-8552-434F-B2A0-240DC47E423F}.Release|Any CPU.ActiveCfg = Release|Any CPU
		{66148B4E-8552-434F-B2A0-240DC47E423F}.Release|Any CPU.Build.0 = Release|Any CPU
	EndGlobalSection
	GlobalSection(SolutionProperties) = preSolution
		HideSolutionNode = FALSE
	EndGlobalSection
	GlobalSection(ExtensibilityGlobals) = postSolution
		SolutionGuid = {D413F061-6FAA-489A-B436-A1153E3EFB25}
	EndGlobalSection
EndGlobal
